
Microsoft Visual Studio Solution File, Format Version 12.00
# Visual Studio 15
VisualStudioVersion = 15.0.27428.2002
MinimumVisualStudioVersion = 10.0.40219.1
Project("{FAE04EC0-301F-11D3-BF4B-00C04F79EFBC}") = "OrderDatabase", "OrderDatabase\OrderDatabase.csproj", "{030202FB-4BBC-4841-8C4D-E87BB1DB5019}"
EndProject
Global
	GlobalSection(SolutionConfigurationPlatforms) = preSolution
		Debug|Any CPU = Debug|Any CPU
		Release|Any CPU = Release|Any CPU
	EndGlobalSection
	GlobalSection(ProjectConfigurationPlatforms) = postSolution
		{030202FB-4BBC-4841-8C4D-E87BB1DB5019}.Debug|Any CPU.ActiveCfg = Debug|Any CPU
		{030202FB-4BBC-4841-8C4D-E87BB1DB5019}.Debug|Any CPU.Build.0 = Debug|Any CPU
		{030202FB-4BBC-4841-8C4D-E87BB1DB5019}.Release|Any CPU.ActiveCfg = Release|Any CPU
		{030202FB-4BBC-4841-8C4D-E87BB1DB5019}.Release|Any CPU.Build.0 = Release|Any CPU
	EndGlobalSection
	GlobalSection(SolutionProperties) = preSolution
		HideSolutionNode = FALSE
	EndGlobalSection
	GlobalSection(ExtensibilityGlobals) = postSolution
		SolutionGuid = {008A3205-76B1-4546-845C-DA3335CEAFF8}
	EndGlobalSection
EndGlobal
